#MicroXplorer Configuration settings - do not modify
Mcu.Family=STM32F1
ProjectManager.MainLocation=Core/Src
RCC.MCOFreq_Value=72000000
ProjectManager.KeepUserCode=true
Mcu.UserName=STM32F103C8Tx
SPI2.VirtualType=VM_MASTER
PB10.Mode=I2C
USART1.BaudRate=38400
RCC.PLLCLKFreq_Value=72000000
PC13-TAMPER-RTC.GPIOParameters=GPIO_Label
ProjectManager.functionlistsort=1-MX_GPIO_Init-GPIO-false-HAL-true,2-SystemClock_Config-RCC-false-HAL-false,3-MX_ADC1_Init-ADC1-false-HAL-true,4-MX_USB_PCD_Init-USB-false-HAL-true,5-MX_I2C2_Init-I2C2-false-HAL-true,6-MX_SPI2_Init-SPI2-false-HAL-true,7-MX_USART1_UART_Init-USART1-false-HAL-true,8-MX_TIM2_Init-TIM2-false-HAL-true,9-MX_TIM3_Init-TIM3-false-HAL-true,10-MX_TIM4_Init-TIM4-false-HAL-true
PA9.GPIOParameters=GPIO_Label
PA11.Mode=Device
PA3.GPIOParameters=GPIO_Label
RCC.ADCFreqValue=12000000
PA6.GPIO_Label=LED_1_R
PB0.GPIO_Label=ADS_DRDY
NVIC.TIM1_UP_IRQn=true\:0\:0\:false\:false\:true\:false\:true
TIM2.Channel-PWM\ Generation2\ CH2=TIM_CHANNEL_2
USART1.IPParameters=VirtualMode,BaudRate
PB11.Signal=I2C2_SDA
PB13.Signal=SPI2_SCK
PB15.Signal=SPI2_MOSI
PA2.GPIOParameters=GPIO_Label
PinOutPanel.RotationAngle=0
TIM3.Channel-PWM\ Generation4\ CH4=TIM_CHANNEL_4
RCC.SYSCLKSource=RCC_SYSCLKSOURCE_PLLCLK
ProjectManager.StackSize=0x400
PD1-OSC_OUT.Signal=RCC_OSC_OUT
Mcu.IP4=SPI2
RCC.FCLKCortexFreq_Value=72000000
Mcu.IP5=SYS
Mcu.IP2=NVIC
NVIC.SVCall_IRQn=true\:0\:0\:false\:false\:false\:false\:false
Mcu.IP3=RCC
Mcu.IP0=ADC1
Mcu.IP1=I2C2
PA12.Signal=USB_DP
Mcu.UserConstants=
SH.S_TIM3_CH2.ConfNb=1
Mcu.ThirdPartyNb=0
RCC.HCLKFreq_Value=72000000
Mcu.IPNb=10
TIM2.IPParameters=Channel-PWM Generation2 CH2,Channel-PWM Generation3 CH3,Channel-PWM Generation4 CH4,Prescaler,Period
ProjectManager.PreviousToolchain=
RCC.APB2TimFreq_Value=72000000
TIM3.Period=100-1
PB6.Signal=USART1_TX
PB6.Mode=Asynchronous
PA8.GPIOParameters=GPIO_PuPd,GPIO_Label
Mcu.Pin6=PA3
Mcu.Pin7=PA4
VP_TIM2_VS_ClockSourceINT.Signal=TIM2_VS_ClockSourceINT
Mcu.Pin8=PA5
Mcu.Pin9=PA6
RCC.AHBFreq_Value=72000000
SPI2.BaudRatePrescaler=SPI_BAUDRATEPRESCALER_64
PB13.Locked=true
Mcu.Pin0=PC13-TAMPER-RTC
Mcu.Pin1=PD0-OSC_IN
TIM3.Channel-PWM\ Generation1\ CH1=TIM_CHANNEL_1
GPIO.groupedBy=Group By Peripherals
Mcu.Pin2=PD1-OSC_OUT
Mcu.Pin3=PA0-WKUP
Mcu.Pin4=PA1
PA0-WKUP.GPIOParameters=GPIO_Label
Mcu.Pin5=PA2
ADC1.Channel-0\#ChannelRegularConversion=ADC_CHANNEL_4
ProjectManager.ProjectBuild=false
NVIC.UsageFault_IRQn=true\:0\:0\:false\:false\:true\:false\:false
NVIC.DebugMonitor_IRQn=true\:0\:0\:false\:false\:true\:false\:false
PA8.Locked=true
PA4.Locked=true
NVIC.SysTick_IRQn=true\:0\:0\:false\:false\:false\:false\:true
RCC.PLLMUL=RCC_PLL_MUL9
PB12.GPIO_Label=SPI_CS
PB0.GPIO_ModeDefaultEXTI=GPIO_MODE_IT_FALLING
ProjectManager.FirmwarePackage=STM32Cube FW_F1 V1.8.5
MxDb.Version=DB.6.0.21
PB0.GPIOParameters=GPIO_PuPd,GPIO_Label,GPIO_ModeDefaultEXTI
PA1.GPIOParameters=GPIO_Label
ProjectManager.BackupPrevious=false
PA14.Mode=Serial_Wire
PB14.Mode=Full_Duplex_Master
VP_SYS_VS_tim1.Mode=TIM1
TIM3.Prescaler=72-1
PB1.GPIO_Label=LED_1_G
File.Version=6
SPI2.CalculateBaudRate=562.5 KBits/s
PB7.Signal=USART1_RX
PA8.Signal=GPIO_Output
NVIC.SPI2_IRQn=true\:14\:0\:true\:false\:true\:true\:true
SH.ADCx_IN4.ConfNb=1
PB6.Locked=true
NVIC.PendSV_IRQn=true\:0\:0\:false\:false\:false\:false\:false
SH.S_TIM3_CH1.0=TIM3_CH1,PWM Generation1 CH1
ProjectManager.HalAssertFull=false
PB0.Locked=true
ADC1.SamplingTime-0\#ChannelRegularConversion=ADC_SAMPLETIME_1CYCLE_5
ProjectManager.ProjectName=Proyecto_Final
RCC.PLLMCOFreq_Value=36000000
Mcu.Package=LQFP48
TIM2.Prescaler=72-1
PB1.Signal=S_TIM3_CH4
PA6.Signal=S_TIM3_CH1
PA7.Locked=true
PA5.Locked=true
NVIC.TimeBase=TIM1_UP_IRQn
SPI2.Mode=SPI_MODE_MASTER
ProjectManager.ToolChainLocation=
PA2.GPIO_Label=LED_2_G
SH.GPXTI0.0=GPIO_EXTI0
NVIC.TimeBaseIP=TIM1
PA5.GPIOParameters=GPIO_Label
SPI2.CLKPhase=SPI_PHASE_2EDGE
RCC.APB1TimFreq_Value=72000000
NVIC.BusFault_IRQn=true\:0\:0\:false\:false\:true\:false\:false
SPI2.Direction=SPI_DIRECTION_2LINES
PB13.Mode=Full_Duplex_Master
SH.S_TIM2_CH4.ConfNb=1
NVIC.USART1_IRQn=true\:15\:0\:true\:false\:true\:true\:true
PA4.GPIO_Label=BAT_LVL
ProjectManager.CustomerFirmwarePackage=
VP_TIM3_VS_ClockSourceINT.Mode=Internal
PB15.Locked=true
PA3.Signal=S_TIM2_CH4
PA2.Locked=true
PA6.GPIOParameters=GPIO_Label
ProjectManager.ProjectFileName=Proyecto_Final.ioc
TIM2.Channel-PWM\ Generation4\ CH4=TIM_CHANNEL_4
ADC1.Rank-0\#ChannelRegularConversion=1
PD1-OSC_OUT.Mode=HSE-External-Oscillator
Mcu.PinsNb=30
ProjectManager.NoMain=false
ADC1.IPParameters=Rank-0\#ChannelRegularConversion,Channel-0\#ChannelRegularConversion,SamplingTime-0\#ChannelRegularConversion,NbrOfConversionFlag,master
PA9.GPIO_Label=BTH_KEY
PC13-TAMPER-RTC.Signal=GPIO_Output
RCC.USBPrescaler=RCC_USBCLKSOURCE_PLL_DIV1_5
SH.GPXTI0.ConfNb=1
ProjectManager.DefaultFWLocation=true
PD0-OSC_IN.Signal=RCC_OSC_IN
PB12.Locked=true
ProjectManager.DeletePrevious=true
PB14.Locked=true
RCC.APB1CLKDivider=RCC_HCLK_DIV2
PB10.Locked=true
RCC.FamilyName=M
PA0-WKUP.GPIO_Label=BTN
PA0-WKUP.Signal=GPIO_Input
PA0-WKUP.Locked=true
RCC.ADCPresc=RCC_ADCPCLK2_DIV6
PA13.Signal=SYS_JTMS-SWDIO
SH.S_TIM2_CH2.0=TIM2_CH2,PWM Generation2 CH2
PA11.Locked=true
PA8.GPIO_Label=BAT_SENS
PB11.Mode=I2C
ProjectManager.TargetToolchain=STM32CubeIDE
PA9.Signal=GPIO_Output
SH.S_TIM2_CH2.ConfNb=1
SPI2.IPParameters=VirtualType,Mode,Direction,CalculateBaudRate,BaudRatePrescaler,CLKPhase
ProjectManager.RegisterCallBack=
PC13-TAMPER-RTC.Locked=true
RCC.USBFreq_Value=48000000
VP_TIM3_VS_ClockSourceINT.Signal=TIM3_VS_ClockSourceINT
PA1.Signal=S_TIM2_CH2
PD0-OSC_IN.Mode=HSE-External-Oscillator
PB10.Signal=I2C2_SCL
PB14.Signal=SPI2_MISO
PA5.Signal=GPIO_Input
SH.S_TIM3_CH2.0=TIM3_CH2,PWM Generation2 CH2
board=custom
ProjectManager.LastFirmware=true
PC13-TAMPER-RTC.GPIO_Label=LED_PILL
PB15.Mode=Full_Duplex_Master
RCC.VCOOutput2Freq_Value=8000000
RCC.APB2Freq_Value=72000000
MxCube.Version=6.2.1
VP_TIM2_VS_ClockSourceINT.Mode=Internal
SH.S_TIM2_CH3.0=TIM2_CH3,PWM Generation3 CH3
VP_SYS_VS_tim1.Signal=SYS_VS_tim1
PA1.GPIO_Label=LED_2_R
TIM2.Channel-PWM\ Generation3\ CH3=TIM_CHANNEL_3
TIM3.IPParameters=Channel-PWM Generation2 CH2,Channel-PWM Generation4 CH4,Period,Prescaler,Channel-PWM Generation1 CH1
SH.ADCx_IN4.0=ADC1_IN4,IN4
PA9.Locked=true
NVIC.NonMaskableInt_IRQn=true\:0\:0\:false\:false\:true\:false\:false
SH.S_TIM2_CH3.ConfNb=1
PA4.GPIOParameters=GPIO_Label
TIM2.Period=100-1
PA13.Mode=Serial_Wire
ProjectManager.FreePins=false
RCC.IPParameters=ADCFreqValue,ADCPresc,AHBFreq_Value,APB1CLKDivider,APB1Freq_Value,APB1TimFreq_Value,APB2Freq_Value,APB2TimFreq_Value,FCLKCortexFreq_Value,FamilyName,HCLKFreq_Value,MCOFreq_Value,PLLCLKFreq_Value,PLLMCOFreq_Value,PLLMUL,SYSCLKFreq_VALUE,SYSCLKSource,TimSysFreq_Value,USBFreq_Value,USBPrescaler,VCOOutput2Freq_Value
ProjectManager.AskForMigrate=true
Mcu.Name=STM32F103C(8-B)Tx
Mcu.Pin26=PB7
Mcu.Pin27=VP_SYS_VS_tim1
PA2.Signal=S_TIM2_CH3
Mcu.Pin24=PA14
ProjectManager.UnderRoot=true
Mcu.Pin25=PB6
Mcu.IP8=USART1
Mcu.IP9=USB
Mcu.Pin28=VP_TIM2_VS_ClockSourceINT
Mcu.IP6=TIM2
Mcu.Pin29=VP_TIM3_VS_ClockSourceINT
Mcu.IP7=TIM3
ProjectManager.CoupleFile=false
NVIC.EXTI0_IRQn=true\:15\:0\:true\:false\:true\:true\:true
PA4.Signal=ADCx_IN4
RCC.SYSCLKFreq_VALUE=72000000
Mcu.Pin22=PA12
Mcu.Pin23=PA13
RCC.TimSysFreq_Value=72000000
PA1.Locked=true
PA7.GPIO_Label=LED_1_B
Mcu.Pin20=PA9
ADC1.master=1
Mcu.Pin21=PA11
PA3.Locked=true
PA12.Mode=Device
PA5.GPIO_Label=BTH_STATE
NVIC.ForceEnableDMAVector=true
KeepUserPlacement=false
NVIC.MemoryManagement_IRQn=true\:0\:0\:false\:false\:true\:false\:false
USART1.VirtualMode=VM_ASYNC
ProjectManager.CompilerOptimize=6
PA11.Signal=USB_DM
PB7.Mode=Asynchronous
PA14.Signal=SYS_JTCK-SWCLK
ProjectManager.HeapSize=0x200
Mcu.Pin15=PB12
NVIC.HardFault_IRQn=true\:0\:0\:false\:false\:true\:false\:false
Mcu.Pin16=PB13
SH.S_TIM2_CH4.0=TIM2_CH4,PWM Generation4 CH4
Mcu.Pin13=PB10
Mcu.Pin14=PB11
Mcu.Pin19=PA8
SH.S_TIM3_CH1.ConfNb=1
ProjectManager.ComputerToolchain=false
Mcu.Pin17=PB14
Mcu.Pin18=PB15
PA8.GPIO_PuPd=GPIO_PULLDOWN
SH.S_TIM3_CH4.ConfNb=1
NVIC.PriorityGroup=NVIC_PRIORITYGROUP_4
ADC1.NbrOfConversionFlag=1
Mcu.Pin11=PB0
TIM3.Channel-PWM\ Generation2\ CH2=TIM_CHANNEL_2
Mcu.Pin12=PB1
Mcu.Pin10=PA7
PB7.Locked=true
RCC.APB1Freq_Value=36000000
PB0.Signal=GPXTI0
PA7.GPIOParameters=GPIO_Label
PB11.Locked=true
ProjectManager.DeviceId=STM32F103C8Tx
PB12.GPIOParameters=GPIO_Label
PB12.Signal=GPIO_Output
ProjectManager.LibraryCopy=1
PB0.GPIO_PuPd=GPIO_PULLUP
PA3.GPIO_Label=LED_2_B
SH.S_TIM3_CH4.0=TIM3_CH4,PWM Generation4 CH4
PB1.GPIOParameters=GPIO_Label
PA7.Signal=S_TIM3_CH2
PA6.Locked=true
isbadioc=false
